
Microsoft Visual Studio Solution File, Format Version 12.00
# Visual Studio Version 17
VisualStudioVersion = 17.7.34009.444
MinimumVisualStudioVersion = 10.0.40219.1
Project("{FAE04EC0-301F-11D3-BF4B-00C04F79EFBC}") = "BoatsToASavePpl", "BoatsToASavePpl\BoatsToASavePpl.csproj", "{38E628B0-644A-448A-B65A-1FA42F1DE437}"
EndProject
Global
	GlobalSection(SolutionConfigurationPlatforms) = preSolution
		Debug|Any CPU = Debug|Any CPU
		Release|Any CPU = Release|Any CPU
	EndGlobalSection
	GlobalSection(ProjectConfigurationPlatforms) = postSolution
		{38E628B0-644A-448A-B65A-1FA42F1DE437}.Debug|Any CPU.ActiveCfg = Debug|Any CPU
		{38E628B0-644A-448A-B65A-1FA42F1DE437}.Debug|Any CPU.Build.0 = Debug|Any CPU
		{38E628B0-644A-448A-B65A-1FA42F1DE437}.Release|Any CPU.ActiveCfg = Release|Any CPU
		{38E628B0-644A-448A-B65A-1FA42F1DE437}.Release|Any CPU.Build.0 = Release|Any CPU
	EndGlobalSection
	GlobalSection(SolutionProperties) = preSolution
		HideSolutionNode = FALSE
	EndGlobalSection
	GlobalSection(ExtensibilityGlobals) = postSolution
		SolutionGuid = {E4181EA3-3746-4B33-A5CA-E99E217FE2D7}
	EndGlobalSection
EndGlobal
